#MicroXplorer Configuration settings - do not modify
File.Version=6
I2C1.IPParameters=OwnAddress2Masks
I2C1.OwnAddress2Masks=I2C_OA2_NOMASK
KeepUserPlacement=false
Mcu.Family=STM32F0
Mcu.IP0=I2C1
Mcu.IP1=NVIC
Mcu.IP2=RCC
Mcu.IP3=SYS
Mcu.IP4=USART2
Mcu.IP5=USB
Mcu.IP6=USB_DEVICE
Mcu.IPNb=7
Mcu.Name=STM32F042K6Tx
Mcu.Package=LQFP32
Mcu.Pin0=PA0
Mcu.Pin1=PA1
Mcu.Pin10=PA8
Mcu.Pin11=PA9
Mcu.Pin12=PA11
Mcu.Pin13=PA12
Mcu.Pin14=PA13
Mcu.Pin15=PA14
Mcu.Pin16=PB3
Mcu.Pin17=PB4
Mcu.Pin18=PB5
Mcu.Pin19=PB6
Mcu.Pin2=PA2
Mcu.Pin20=PB7
Mcu.Pin21=VP_SYS_VS_Systick
Mcu.Pin22=VP_USB_DEVICE_VS_USB_DEVICE_CDC_FS
Mcu.Pin3=PA3
Mcu.Pin4=PA4
Mcu.Pin5=PA5
Mcu.Pin6=PA6
Mcu.Pin7=PA7
Mcu.Pin8=PB0
Mcu.Pin9=PB1
Mcu.PinsNb=23
Mcu.UserConstants=
Mcu.UserName=STM32F042K6Tx
MxCube.Version=4.20.0
MxDb.Version=DB.4.0.200
NVIC.HardFault_IRQn=true\:0\:0\:false\:false\:true
NVIC.NonMaskableInt_IRQn=true\:0\:0\:false\:false\:true
NVIC.PendSV_IRQn=true\:0\:0\:false\:false\:true
NVIC.SVC_IRQn=true\:0\:0\:false\:false\:true
NVIC.SysTick_IRQn=true\:0\:0\:false\:false\:true
NVIC.USB_IRQn=true\:0\:0\:false\:false\:true
PA0.GPIOParameters=GPIO_PuPd,GPIO_Label
PA0.GPIO_Label=ZYNQ_DONE
PA0.GPIO_PuPd=GPIO_PULLDOWN
PA0.Locked=true
PA0.Signal=GPIO_Input
PA1.GPIOParameters=GPIO_Label
PA1.GPIO_Label=ZYNQ_INT
PA1.Locked=true
PA1.Signal=GPIO_Output
PA11.Mode=Device
PA11.Signal=USB_DM
PA12.Mode=Device
PA12.Signal=USB_DP
PA13.Mode=Serial_Wire
PA13.Signal=SYS_SWDIO
PA14.Mode=Serial_Wire
PA14.Signal=SYS_SWCLK
PA2.Mode=Asynchronous
PA2.Signal=USART2_TX
PA3.Mode=Asynchronous
PA3.Signal=USART2_RX
PA4.GPIOParameters=PinState
PA4.Locked=true
PA4.PinState=GPIO_PIN_SET
PA4.Signal=GPIO_Output
PA5.Locked=true
PA5.Signal=GPIO_Output
PA6.GPIOParameters=PinState
PA6.Locked=true
PA6.PinState=GPIO_PIN_RESET
PA6.Signal=GPIO_Output
PA7.GPIOParameters=PinState
PA7.Locked=true
PA7.PinState=GPIO_PIN_SET
PA7.Signal=GPIO_Output
PA8.Mode=Clock-out
PA8.Signal=RCC_MCO
PA9.Locked=true
PA9.Signal=GPIO_Input
PB0.GPIOParameters=PinState,GPIO_PuPd,GPIO_Label,GPIO_ModeDefaultOutputPP
PB0.GPIO_Label=ZYNQ_RST
PB0.GPIO_ModeDefaultOutputPP=GPIO_MODE_OUTPUT_OD
PB0.GPIO_PuPd=GPIO_PULLUP
PB0.Locked=true
PB0.PinState=GPIO_PIN_SET
PB0.Signal=GPIO_Output
PB1.GPIOParameters=GPIO_Label
PB1.GPIO_Label=VIN_RST
PB1.Locked=true
PB1.Signal=GPIO_Output
PB3.Locked=true
PB3.Signal=GPXTI3
PB4.Locked=true
PB4.Signal=GPXTI4
PB5.Locked=true
PB5.Signal=GPXTI5
PB6.Locked=true
PB6.Mode=I2C
PB6.Signal=I2C1_SCL
PB7.Locked=true
PB7.Mode=I2C
PB7.Signal=I2C1_SDA
PCC.Checker=false
PCC.Line=STM32F0x2
PCC.MCU=STM32F042K6Tx
PCC.MXVersion=4.20.0
PCC.PartNumber=STM32F042K6Tx
PCC.Seq0=0
PCC.Series=STM32F0
PCC.Temperature=25
PCC.Vdd=3.6
ProjectManager.AskForMigrate=true
ProjectManager.BackupPrevious=false
ProjectManager.CompilerOptimize=2
ProjectManager.ComputerToolchain=false
ProjectManager.CoupleFile=false
ProjectManager.CustomerFirmwarePackage=/Users/zhang/STM32Cube/Repository/STM32Cube_FW_F0_V1.7.0
ProjectManager.DefaultFWLocation=true
ProjectManager.DeletePrevious=true
ProjectManager.DeviceId=STM32F042K6Tx
ProjectManager.FirmwarePackage=STM32Cube FW_F0 V1.7.0
ProjectManager.FreePins=false
ProjectManager.HalAssertFull=false
ProjectManager.HeapSize=0x200
ProjectManager.KeepUserCode=true
ProjectManager.LastFirmware=true
ProjectManager.LibraryCopy=1
ProjectManager.PreviousToolchain=SW4STM32
ProjectManager.ProjectBuild=false
ProjectManager.ProjectFileName=danmaku.ioc
ProjectManager.ProjectName=danmaku
ProjectManager.StackSize=0x400
ProjectManager.TargetToolchain=SW4STM32
ProjectManager.ToolChainLocation=/Users/zhang/Projects/Zynq-Danmaku-Code/ZynqDanmaku-MCU/danmaku/
ProjectManager.UnderRoot=true
ProjectManager.functionlistsort=1-MX_GPIO_Init-GPIO-false-HAL,2-SystemClock_Config-RCC-false-HAL,3-MX_I2C1_Init-I2C1-false-HAL,4-MX_USART2_UART_Init-USART2-false-HAL,5-MX_USB_DEVICE_Init-USB_DEVICE-false-HAL
RCC.AHBFreq_Value=48000000
RCC.APB1Freq_Value=48000000
RCC.APB1TimFreq_Value=48000000
RCC.CECEnable=false
RCC.CECFreq_Value=32786.88524590164
RCC.ClockTypeHCLK=RCC_CLOCKTYPE_HCLK
RCC.ClockTypePCLK1=RCC_CLOCKTYPE_PCLK1
RCC.DATA_CACHE_ENABLE=0
RCC.EnableHSE=false
RCC.EnableHSERTCDevisor=false
RCC.EnableLSE=false
RCC.EnableLSERTC=false
RCC.EnableMCOMultDivisor=false
RCC.FCLKCortexFreq_Value=48000000
RCC.FamilyName=M
RCC.HCLKFreq_Value=48000000
RCC.HSEState=RCC_HSE_OFF
RCC.HSI14State=RCC_HSI14_OFF
RCC.HSI48State=RCC_HSI48_ON
RCC.HSICECFreq_Value=32786.88524590164
RCC.HSIState=RCC_HSI_ON
RCC.I2C1Enable=true
RCC.I2SFreq_Value=48000000
RCC.INSTRUCTION_CACHE_ENABLE=0
RCC.IPParameters=AHBFreq_Value,APB1Freq_Value,APB1TimFreq_Value,CECEnable,CECFreq_Value,ClockTypeHCLK,ClockTypePCLK1,DATA_CACHE_ENABLE,EnableHSE,EnableHSERTCDevisor,EnableLSE,EnableLSERTC,EnableMCOMultDivisor,FCLKCortexFreq_Value,FamilyName,HCLKFreq_Value,HSEState,HSI14State,HSI48State,HSICECFreq_Value,HSIState,I2C1Enable,I2SFreq_Value,INSTRUCTION_CACHE_ENABLE,IWDGEnable,LSIState,MCOEnable,MCOFreq_Value,OscillatorTypeHSE,OscillatorTypeHSI,OscillatorTypeHSI48,OscillatorTypeLSI,PLLCLKFreq_Value,PLLMCOFreq_Value,PLLSource,PLLState,RCC_MCODiv,RCC_PERIPHCLK_I2C1Var,RCC_PERIPHCLK_USART1Var,RTCEnable,SYSCLKFreq_VALUE,SYSCLKSource,TimSysFreq_Value,USART1Enable,USART1Freq_Value,USART2Enable,USBEnable,VCOOutput2Freq_Value
RCC.IWDGEnable=false
RCC.LSIState=RCC_LSI_OFF
RCC.MCOEnable=true
RCC.MCOFreq_Value=12000000
RCC.OscillatorTypeHSE=
RCC.OscillatorTypeHSI=RCC_OSCILLATORTYPE_HSI
RCC.OscillatorTypeHSI48=RCC_OSCILLATORTYPE_HSI48
RCC.OscillatorTypeLSI=
RCC.PLLCLKFreq_Value=16000000
RCC.PLLMCOFreq_Value=16000000
RCC.PLLSource=RCC_PLLSOURCE_HSI
RCC.PLLState=RCC_PLL_OFF
RCC.RCC_MCODiv=RCC_MCODIV_4
RCC.RCC_PERIPHCLK_I2C1Var=RCC_PERIPHCLK_I2C1
RCC.RCC_PERIPHCLK_USART1Var=RCC_PERIPHCLK_USART1
RCC.RTCEnable=false
RCC.SYSCLKFreq_VALUE=48000000
RCC.SYSCLKSource=RCC_SYSCLKSOURCE_HSI48
RCC.TimSysFreq_Value=48000000
RCC.USART1Enable=false
RCC.USART1Freq_Value=48000000
RCC.USART2Enable=true
RCC.USBEnable=true
RCC.VCOOutput2Freq_Value=8000000
SH.GPXTI3.0=GPIO_EXTI3
SH.GPXTI3.ConfNb=1
SH.GPXTI4.0=GPIO_EXTI4
SH.GPXTI4.ConfNb=1
SH.GPXTI5.0=GPIO_EXTI5
SH.GPXTI5.ConfNb=1
USART2.BaudRate=115200
USART2.HwFlowCtl-Asynchronous=UART_HWCONTROL_NONE
USART2.IPParameters=BaudRate,WordLength,VirtualMode-Asynchronous,HwFlowCtl-Asynchronous
USART2.VirtualMode-Asynchronous=VM_ASYNC
USART2.WordLength=WORDLENGTH_8B
USB_DEVICE.CLASS_NAME_FS=CDC
USB_DEVICE.IPParameters=VirtualMode,VirtualModeFS,USBD_HandleTypeDef,CLASS_NAME_FS,USBD_HandleTypeDef_FS
USB_DEVICE.USBD_HandleTypeDef=hUsbDeviceFS
USB_DEVICE.USBD_HandleTypeDef_FS=hUsbDevice_USB_FS
USB_DEVICE.VirtualMode=Cdc
USB_DEVICE.VirtualModeFS=Cdc_FS
VP_SYS_VS_Systick.Mode=SysTick
VP_SYS_VS_Systick.Signal=SYS_VS_Systick
VP_USB_DEVICE_VS_USB_DEVICE_CDC_FS.Mode=CDC_FS
VP_USB_DEVICE_VS_USB_DEVICE_CDC_FS.Signal=USB_DEVICE_VS_USB_DEVICE_CDC_FS
board=danmaku
